
Microsoft Visual Studio Solution File, Format Version 12.00
# Visual Studio Version 17
VisualStudioVersion = 17.10.35122.118
MinimumVisualStudioVersion = 10.0.40219.1
Project("{FAE04EC0-301F-11D3-BF4B-00C04F79EFBC}") = "Project", "Project\Project.csproj", "{F847CCF2-98A3-41BD-BBC2-5C6386B9E8AD}"
EndProject
Global
	GlobalSection(SolutionConfigurationPlatforms) = preSolution
		Debug|Any CPU = Debug|Any CPU
		Release|Any CPU = Release|Any CPU
	EndGlobalSection
	GlobalSection(ProjectConfigurationPlatforms) = postSolution
		{F847CCF2-98A3-41BD-BBC2-5C6386B9E8AD}.Debug|Any CPU.ActiveCfg = Debug|Any CPU
		{F847CCF2-98A3-41BD-BBC2-5C6386B9E8AD}.Debug|Any CPU.Build.0 = Debug|Any CPU
		{F847CCF2-98A3-41BD-BBC2-5C6386B9E8AD}.Release|Any CPU.ActiveCfg = Release|Any CPU
		{F847CCF2-98A3-41BD-BBC2-5C6386B9E8AD}.Release|Any CPU.Build.0 = Release|Any CPU
	EndGlobalSection
	GlobalSection(SolutionProperties) = preSolution
		HideSolutionNode = FALSE
	EndGlobalSection
	GlobalSection(ExtensibilityGlobals) = postSolution
		SolutionGuid = {A5AAE505-A22E-48FC-A7BC-C264072929C6}
	EndGlobalSection
EndGlobal
